
Microsoft Visual Studio Solution File, Format Version 12.00
# Visual Studio Version 17
VisualStudioVersion = 17.11.35222.181
MinimumVisualStudioVersion = 10.0.40219.1
Project("{FAE04EC0-301F-11D3-BF4B-00C04F79EFBC}") = "OperacionesApp1", "OperacionesApp1\OperacionesApp1.csproj", "{8F91F65E-1AAC-40B5-AB92-02444499C8E7}"
EndProject
Global
	GlobalSection(SolutionConfigurationPlatforms) = preSolution
		Debug|Any CPU = Debug|Any CPU
		Release|Any CPU = Release|Any CPU
	EndGlobalSection
	GlobalSection(ProjectConfigurationPlatforms) = postSolution
		{8F91F65E-1AAC-40B5-AB92-02444499C8E7}.Debug|Any CPU.ActiveCfg = Debug|Any CPU
		{8F91F65E-1AAC-40B5-AB92-02444499C8E7}.Debug|Any CPU.Build.0 = Debug|Any CPU
		{8F91F65E-1AAC-40B5-AB92-02444499C8E7}.Debug|Any CPU.Deploy.0 = Debug|Any CPU
		{8F91F65E-1AAC-40B5-AB92-02444499C8E7}.Release|Any CPU.ActiveCfg = Release|Any CPU
		{8F91F65E-1AAC-40B5-AB92-02444499C8E7}.Release|Any CPU.Build.0 = Release|Any CPU
		{8F91F65E-1AAC-40B5-AB92-02444499C8E7}.Release|Any CPU.Deploy.0 = Release|Any CPU
	EndGlobalSection
	GlobalSection(SolutionProperties) = preSolution
		HideSolutionNode = FALSE
	EndGlobalSection
	GlobalSection(ExtensibilityGlobals) = postSolution
		SolutionGuid = {AEB44B7D-0B5D-4659-87B3-E71BEDA99068}
	EndGlobalSection
EndGlobal
